
Microsoft Visual Studio Solution File, Format Version 12.00
# Visual Studio 14
VisualStudioVersion = 14.0.25123.0
MinimumVisualStudioVersion = 10.0.40219.1
Project("{FAE04EC0-301F-11D3-BF4B-00C04F79EFBC}") = "Task3", "SecondInnerFirst\Task3.csproj", "{07971E0C-02CE-4086-8CE3-0A6B8AE4212B}"
EndProject
Project("{FAE04EC0-301F-11D3-BF4B-00C04F79EFBC}") = "Task3.Test", "Task3.Test\Task3.Test.csproj", "{12ED3EBE-3F6E-4013-8506-776968969468}"
EndProject
Global
	GlobalSection(SolutionConfigurationPlatforms) = preSolution
		Debug|Any CPU = Debug|Any CPU
		Release|Any CPU = Release|Any CPU
	EndGlobalSection
	GlobalSection(ProjectConfigurationPlatforms) = postSolution
		{07971E0C-02CE-4086-8CE3-0A6B8AE4212B}.Debug|Any CPU.ActiveCfg = Debug|Any CPU
		{07971E0C-02CE-4086-8CE3-0A6B8AE4212B}.Debug|Any CPU.Build.0 = Debug|Any CPU
		{07971E0C-02CE-4086-8CE3-0A6B8AE4212B}.Release|Any CPU.ActiveCfg = Release|Any CPU
		{07971E0C-02CE-4086-8CE3-0A6B8AE4212B}.Release|Any CPU.Build.0 = Release|Any CPU
		{12ED3EBE-3F6E-4013-8506-776968969468}.Debug|Any CPU.ActiveCfg = Debug|Any CPU
		{12ED3EBE-3F6E-4013-8506-776968969468}.Debug|Any CPU.Build.0 = Debug|Any CPU
		{12ED3EBE-3F6E-4013-8506-776968969468}.Release|Any CPU.ActiveCfg = Release|Any CPU
		{12ED3EBE-3F6E-4013-8506-776968969468}.Release|Any CPU.Build.0 = Release|Any CPU
	EndGlobalSection
	GlobalSection(SolutionProperties) = preSolution
		HideSolutionNode = FALSE
	EndGlobalSection
EndGlobal
